
Microsoft Visual Studio Solution File, Format Version 12.00
# Visual Studio Version 17
VisualStudioVersion = 17.1.32328.378
MinimumVisualStudioVersion = 10.0.40219.1
Project("{FAE04EC0-301F-11D3-BF4B-00C04F79EFBC}") = "Demo", "Demo\Demo.csproj", "{C67083F7-2CD8-4E81-AF3B-240FEE435972}"
EndProject
Project("{FAE04EC0-301F-11D3-BF4B-00C04F79EFBC}") = "Data", "Data\Data.csproj", "{2B96066A-39DC-4C25-B268-C26B9B32F9AE}"
EndProject
Global
	GlobalSection(SolutionConfigurationPlatforms) = preSolution
		Debug|Any CPU = Debug|Any CPU
		Release|Any CPU = Release|Any CPU
	EndGlobalSection
	GlobalSection(ProjectConfigurationPlatforms) = postSolution
		{C67083F7-2CD8-4E81-AF3B-240FEE435972}.Debug|Any CPU.ActiveCfg = Debug|Any CPU
		{C67083F7-2CD8-4E81-AF3B-240FEE435972}.Debug|Any CPU.Build.0 = Debug|Any CPU
		{C67083F7-2CD8-4E81-AF3B-240FEE435972}.Release|Any CPU.ActiveCfg = Release|Any CPU
		{C67083F7-2CD8-4E81-AF3B-240FEE435972}.Release|Any CPU.Build.0 = Release|Any CPU
		{2B96066A-39DC-4C25-B268-C26B9B32F9AE}.Debug|Any CPU.ActiveCfg = Debug|Any CPU
		{2B96066A-39DC-4C25-B268-C26B9B32F9AE}.Debug|Any CPU.Build.0 = Debug|Any CPU
		{2B96066A-39DC-4C25-B268-C26B9B32F9AE}.Release|Any CPU.ActiveCfg = Release|Any CPU
		{2B96066A-39DC-4C25-B268-C26B9B32F9AE}.Release|Any CPU.Build.0 = Release|Any CPU
	EndGlobalSection
	GlobalSection(SolutionProperties) = preSolution
		HideSolutionNode = FALSE
	EndGlobalSection
	GlobalSection(ExtensibilityGlobals) = postSolution
		SolutionGuid = {064522AF-74A2-47E3-ACDB-2151D0C2857B}
	EndGlobalSection
EndGlobal
